
Microsoft Visual Studio Solution File, Format Version 12.00
# Visual Studio Version 16
VisualStudioVersion = 16.0.29215.179
MinimumVisualStudioVersion = 10.0.40219.1
Project("{FAE04EC0-301F-11D3-BF4B-00C04F79EFBC}") = "todo_restcore", "todo_restcore.csproj", "{05C720F8-B123-4F91-A8E6-30DEB5CA2775}"
EndProject
Global
	GlobalSection(SolutionConfigurationPlatforms) = preSolution
		Debug|Any CPU = Debug|Any CPU
		Release|Any CPU = Release|Any CPU
	EndGlobalSection
	GlobalSection(ProjectConfigurationPlatforms) = postSolution
		{05C720F8-B123-4F91-A8E6-30DEB5CA2775}.Debug|Any CPU.ActiveCfg = Debug|Any CPU
		{05C720F8-B123-4F91-A8E6-30DEB5CA2775}.Debug|Any CPU.Build.0 = Debug|Any CPU
		{05C720F8-B123-4F91-A8E6-30DEB5CA2775}.Release|Any CPU.ActiveCfg = Release|Any CPU
		{05C720F8-B123-4F91-A8E6-30DEB5CA2775}.Release|Any CPU.Build.0 = Release|Any CPU
	EndGlobalSection
	GlobalSection(SolutionProperties) = preSolution
		HideSolutionNode = FALSE
	EndGlobalSection
	GlobalSection(ExtensibilityGlobals) = postSolution
		SolutionGuid = {D50035F5-0246-41A4-B412-1B0BBFDDC7F1}
	EndGlobalSection
EndGlobal
